dependencies:
- name: nv-ingest
  repository: https://helm.ngc.nvidia.com/nvidia/nemo-microservices
  version: 26.3.0
- name: eck-elasticsearch
  repository: https://helm.elastic.co
  version: 0.18.0
- name: zipkin
  repository: https://zipkin.io/zipkin-helm
  version: 0.4.0
- name: opentelemetry-collector
  repository: https://open-telemetry.github.io/opentelemetry-helm-charts
  version: 0.130.2
- name: kube-prometheus-stack
  repository: https://prometheus-community.github.io/helm-charts
  version: 76.3.0
digest: sha256:93f67a76bb31bd3ac6cfd3f7bb7ff15dff0f811d087bb1379e2e98fcfc80df39
generated: "2026-04-10T09:12:09.489544077+05:30"
