dependencies:
- name: nv-ingest
  repository: https://helm.ngc.nvidia.com/nvidia/nemo-microservices
  version: 26.1.2
- name: eck-elasticsearch
  repository: https://helm.elastic.co
  version: 0.18.0
- name: zipkin
  repository: https://zipkin.io/zipkin-helm
  version: 0.4.0
- name: opentelemetry-collector
  repository: https://open-telemetry.github.io/opentelemetry-helm-charts
  version: 0.130.2
- name: kube-prometheus-stack
  repository: https://prometheus-community.github.io/helm-charts
  version: 76.3.0
digest: sha256:a65037bbcb6fa587af3d15b949a32b059cf26d1102a2166d0e77daed29a0f520
generated: "2026-03-02T16:48:31.702049307+05:30"
